{
    "_readme": [
        "This file locks the dependencies of your project to a known state",
        "Read more about it at https://getcomposer.org/doc/01-basic-usage.md#installing-dependencies",
        "This file is @generated automatically"
    ],
    "content-hash": "b4ddae91e9f058b03325b0719b4a87b6",
    "packages": [
        {
            "name": "psr/http-message",
            "version": "2.0",
            "source": {
                "type": "git",
                "url": "https://github.com/php-fig/http-message.git",
                "reference": "402d35bcb92c70c026d1a6a9883f06b2ead23d71"
            },
            "dist": {
                "type": "zip",
                "url": "https://api.github.com/repos/php-fig/http-message/zipball/402d35bcb92c70c026d1a6a9883f06b2ead23d71",
                "reference": "402d35bcb92c70c026d1a6a9883f06b2ead23d71",
                "shasum": ""
            },
            "require": {
                "php": "^7.2 || ^8.0"
            },
            "type": "library",
            "extra": {
                "branch-alias": {
                    "dev-master": "2.0.x-dev"
                }
            },
            "autoload": {
                "psr-4": {
                    "Psr\\Http\\Message\\": "src/"
                }
            },
            "notification-url": "https://packagist.org/downloads/",
            "license": [
                "MIT"
            ],
            "authors": [
                {
                    "name": "PHP-FIG",
                    "homepage": "https://www.php-fig.org/"
                }
            ],
            "description": "Common interface for HTTP messages",
            "homepage": "https://github.com/php-fig/http-message",
            "keywords": [
                "http",
                "http-message",
                "psr",
                "psr-7",
                "request",
                "response"
            ],
            "support": {
                "source": "https://github.com/php-fig/http-message/tree/2.0"
            },
            "time": "2023-04-04T09:54:51+00:00"
        },
        {
            "name": "spatie/macroable",
            "version": "2.0.0",
            "source": {
                "type": "git",
                "url": "https://github.com/spatie/macroable.git",
                "reference": "ec2c320f932e730607aff8052c44183cf3ecb072"
            },
            "dist": {
                "type": "zip",
                "url": "https://api.github.com/repos/spatie/macroable/zipball/ec2c320f932e730607aff8052c44183cf3ecb072",
                "reference": "ec2c320f932e730607aff8052c44183cf3ecb072",
                "shasum": ""
            },
            "require": {
                "php": "^8.0"
            },
            "require-dev": {
                "phpunit/phpunit": "^8.0|^9.3"
            },
            "type": "library",
            "autoload": {
                "psr-4": {
                    "Spatie\\Macroable\\": "src"
                }
            },
            "notification-url": "https://packagist.org/downloads/",
            "license": [
                "MIT"
            ],
            "authors": [
                {
                    "name": "Freek Van der Herten",
                    "email": "freek@spatie.be",
                    "homepage": "https://spatie.be",
                    "role": "Developer"
                }
            ],
            "description": "A trait to dynamically add methods to a class",
            "homepage": "https://github.com/spatie/macroable",
            "keywords": [
                "macroable",
                "spatie"
            ],
            "support": {
                "issues": "https://github.com/spatie/macroable/issues",
                "source": "https://github.com/spatie/macroable/tree/2.0.0"
            },
            "time": "2021-03-26T22:39:02+00:00"
        },
        {
            "name": "spatie/url",
            "version": "2.4.0",
            "source": {
                "type": "git",
                "url": "https://github.com/spatie/url.git",
                "reference": "93a51db743cdec22b081c64593e193887c9cd395"
            },
            "dist": {
                "type": "zip",
                "url": "https://api.github.com/repos/spatie/url/zipball/93a51db743cdec22b081c64593e193887c9cd395",
                "reference": "93a51db743cdec22b081c64593e193887c9cd395",
                "shasum": ""
            },
            "require": {
                "php": "^8.0",
                "psr/http-message": "^1.0 || ^2.0",
                "spatie/macroable": "^1.0 || ^2.0"
            },
            "require-dev": {
                "pestphp/pest": "^1.21"
            },
            "type": "library",
            "autoload": {
                "psr-4": {
                    "Spatie\\Url\\": "src"
                }
            },
            "notification-url": "https://packagist.org/downloads/",
            "license": [
                "MIT"
            ],
            "authors": [
                {
                    "name": "Sebastian De Deyne",
                    "email": "sebastian@spatie.be",
                    "homepage": "https://spatie.be",
                    "role": "Developer"
                }
            ],
            "description": "Parse, build and manipulate URL's",
            "homepage": "https://github.com/spatie/url",
            "keywords": [
                "spatie",
                "url"
            ],
            "support": {
                "issues": "https://github.com/spatie/url/issues",
                "source": "https://github.com/spatie/url/tree/2.4.0"
            },
            "funding": [
                {
                    "url": "https://spatie.be/open-source/support-us",
                    "type": "custom"
                },
                {
                    "url": "https://github.com/spatie",
                    "type": "github"
                }
            ],
            "time": "2024-03-08T11:35:19+00:00"
        }
    ],
    "packages-dev": [],
    "aliases": [],
    "minimum-stability": "stable",
    "stability-flags": [],
    "prefer-stable": false,
    "prefer-lowest": false,
    "platform": [],
    "platform-dev": [],
    "plugin-api-version": "2.6.0"
}
